{
  "version": "3",
  "redirects": {
    "https://deno.land/x/paypax/mod.ts": "https://deno.land/x/paypax@v1.5.4/mod.ts",
    "https://unpkg.com/react-dom@18/umd/react-dom.development.js": "https://unpkg.com/react-dom@18.2.0/umd/react-dom.development.js",
    "https://unpkg.com/react-dom@18/umd/react-dom.production.min.js": "https://unpkg.com/react-dom@18.2.0/umd/react-dom.production.min.js",
    "https://unpkg.com/react@18/umd/react.production.min.js": "https://unpkg.com/react@18.2.0/umd/react.production.min.js"
  },
  "remote": {
    "https://deno.land/x/dotenv@v3.2.0/load.ts": "cbd76a0aee01aad8d09222afaa1dd04b84d9d3e44637503b01bf77a91df9e041",
    "https://deno.land/x/dotenv@v3.2.0/mod.ts": "077b48773de9205266a0b44c3c3a3c3083449ed64bb0b6cc461b95720678d38e",
    "https://deno.land/x/dotenv@v3.2.0/util.ts": "693730877b13f8ead2b79b2aa31e2a0652862f7dc0c5f6d2f313f4d39c7b7670",
    "https://deno.land/x/hono@v3.12.6/adapter/deno/serve-static.ts": "c1bbaf52e44d5eb0a159029c60ab2057d7735a8b3f7019263d46fb0ac6271329",
    "https://deno.land/x/hono@v3.12.6/client/client.ts": "9b3bddfd400d069d58320c3f475447d5e61f2c343adad402d5d36fa17f00b481",
    "https://deno.land/x/hono@v3.12.6/client/index.ts": "30def535310a37bede261f1b23d11a9758983b8e9d60a6c56309cee5f6746ab2",
    "https://deno.land/x/hono@v3.12.6/client/utils.ts": "053273c002963b549d38268a1b423ac8ca211a8028bdab1ed0b781a62aa5e661",
    "https://deno.land/x/hono@v3.12.6/compose.ts": "37d6e33b7db80e4c43a0629b12fd3a1e3406e7d9e62a4bfad4b30426ea7ae4f1",
    "https://deno.land/x/hono@v3.12.6/context.ts": "bb3309ea57fa617714a16a99ab4da02ee4e36419770da6cb0f581fbbef9f541d",
    "https://deno.land/x/hono@v3.12.6/helper.ts": "f3acfb2b30eb0bf854876173b62b3aade6c6c638dc242d4729752f68e9c0be45",
    "https://deno.land/x/hono@v3.12.6/helper/adapter/index.ts": "eea9b4caedbfa3a3b4a020bf46c88c0171a00008cd6c10708cd85a3e39d86e62",
    "https://deno.land/x/hono@v3.12.6/helper/cookie/index.ts": "a05ce7e3bafe1f8c7f45d04abf79822716011be75904fe1aad2e99126fd985b9",
    "https://deno.land/x/hono@v3.12.6/helper/css/index.ts": "e04e66a594f30b29ab721e7f078c06791edd23992cb2e0ace28c60ed6133be17",
    "https://deno.land/x/hono@v3.12.6/helper/dev/index.ts": "ca44c740647dc2a9a8438044bc73aec8fca599c18d3a68a893e1261e0996d3cd",
    "https://deno.land/x/hono@v3.12.6/helper/factory/index.ts": "45c9f0a981c23d6b5e481697637b0f66fec3234aec442d0cb285048b07ed54c6",
    "https://deno.land/x/hono@v3.12.6/helper/html/index.ts": "701ed12b808e8c253247edc02c2c4b32261ae899e9c98f1427f7f6eaa8b7d1ce",
    "https://deno.land/x/hono@v3.12.6/helper/streaming/index.ts": "e4955c04cb5fe4d65abec256ff3f598c87958a1cfd9eece1d6de1b56d16c7723",
    "https://deno.land/x/hono@v3.12.6/helper/streaming/sse.ts": "3a10d73592a3af1665b872fce6d8c0417e096703cfcd15f21da3bb357ee6ede4",
    "https://deno.land/x/hono@v3.12.6/helper/streaming/stream.ts": "bb8eee53fadf62fb9c4b4f3ffa2f23ee21bf2337121a6811a5fe18bbbcbe6564",
    "https://deno.land/x/hono@v3.12.6/helper/streaming/text.ts": "df8e941f8f1605b8ee74e7176fc013716203a6961c7b69dc304f5826dfb2383c",
    "https://deno.land/x/hono@v3.12.6/helper/testing/index.ts": "bc49c049aa0d6426417e3d1a2f52a471a09edb1fb8610b7545eae1968e7d7874",
    "https://deno.land/x/hono@v3.12.6/hono-base.ts": "e1702bc53016e1fb2cf6775c80c5f2a0b367a28a35965b4820752d15c79e6b69",
    "https://deno.land/x/hono@v3.12.6/hono.ts": "2cc4c292e541463a4d6f83edbcea58048d203e9564ae62ec430a3d466b49a865",
    "https://deno.land/x/hono@v3.12.6/http-exception.ts": "6071df078b5f76d279684d52fe82a590f447a64ffe1b75eb5064d0c8a8d2d676",
    "https://deno.land/x/hono@v3.12.6/jsx/components.ts": "b5b48d6aa6ea871c0ad5f0fc162d2dccc864ba2220586fe20a69cb3682145304",
    "https://deno.land/x/hono@v3.12.6/jsx/index.ts": "32fb017b6417d6aa408dc297b4178288851bdbc034abc8bfb51e9976d5425b25",
    "https://deno.land/x/hono@v3.12.6/jsx/streaming.ts": "034b0bf59f340dc2ec38215410346867721e811d05c40310363a3702121a908c",
    "https://deno.land/x/hono@v3.12.6/middleware.ts": "c88d51cc00818631da6b2aa1aae793ebeb7e0fa4984b2dfd390602bfa4c0dc14",
    "https://deno.land/x/hono@v3.12.6/middleware/basic-auth/index.ts": "fcf7b2c739dd1d65e17433a7d44d680f25c356bbad1e5eec200dce2e30d70081",
    "https://deno.land/x/hono@v3.12.6/middleware/bearer-auth/index.ts": "1bfe631db1661cd342a2220614af5e21455ebea11b8c3ed5f6df7ef8d02b9a54",
    "https://deno.land/x/hono@v3.12.6/middleware/cache/index.ts": "1294ca78a78d0ec279b8b8728837120458eeb429d774715777a412f190950312",
    "https://deno.land/x/hono@v3.12.6/middleware/compress/index.ts": "c053a4c9bb605f0320e014b513cfd44c6cbde6ed49373fd659fa02d697f9df17",
    "https://deno.land/x/hono@v3.12.6/middleware/cors/index.ts": "69e208e2bfd6345f14892e59ea817818373b3ebd74163177d687cd47ddbe1f6c",
    "https://deno.land/x/hono@v3.12.6/middleware/csrf/index.ts": "077bb0ce299d79d0d232cb9e462aaa4eaa901164f1310f74a7630f7e6cfe74e8",
    "https://deno.land/x/hono@v3.12.6/middleware/etag/index.ts": "3392aabea4d02dfec51455c5919bff9aad76538b9fde375dd542fbc3f389dd3a",
    "https://deno.land/x/hono@v3.12.6/middleware/jsx-renderer/index.ts": "8c12ac5b61608a4688e28794927990d1d07ca11de8b9e79bb85e33b1696d790c",
    "https://deno.land/x/hono@v3.12.6/middleware/jwt/index.ts": "7ef27b177110224d2e928eafffaf97972043ea7950520a8d23657612143570d2",
    "https://deno.land/x/hono@v3.12.6/middleware/logger/index.ts": "4baf9217b61f5e9e937c3e4e6cd87508c83603fcee77c33edba0a6ae2cc41ccd",
    "https://deno.land/x/hono@v3.12.6/middleware/powered-by/index.ts": "6faba0cf042278d60b317b690640bb0b58747690cf280fa09024424c5174e66d",
    "https://deno.land/x/hono@v3.12.6/middleware/pretty-json/index.ts": "2216ce4c9910be009fecac63367c3626b46137d4cf7cb9a82913e501104b4a88",
    "https://deno.land/x/hono@v3.12.6/middleware/secure-headers/index.ts": "05dfc8fbb94a565efbb55633090b81157e97f23393ff80a23e299ad7ac222e34",
    "https://deno.land/x/hono@v3.12.6/middleware/timing/index.ts": "241702aa10ab66cc832e8b556c57c236f3bf338a8817d802cb142eae0f852582",
    "https://deno.land/x/hono@v3.12.6/mod.ts": "90114a97be9111b348129ad0143e764a64921f60dd03b8f3da529db98a0d3a82",
    "https://deno.land/x/hono@v3.12.6/request.ts": "71a67261d14bba95e9a8b4782a1c1704d12d54a77390ce404741df15ab99a109",
    "https://deno.land/x/hono@v3.12.6/router.ts": "880316f561918fc197481755aac2165fdbe2f530b925c5357a9f98d6e2cc85c7",
    "https://deno.land/x/hono@v3.12.6/router/linear-router/index.ts": "8a2a7144c50b1f4a92d9ee99c2c396716af144c868e10608255f969695efccd0",
    "https://deno.land/x/hono@v3.12.6/router/linear-router/router.ts": "1366b3fada26e33c96b0f228aa7962b9c9801c4f484b3991b256aed2c005c668",
    "https://deno.land/x/hono@v3.12.6/router/pattern-router/index.ts": "304a66c50e243872037ed41c7dd79ed0c89d815e17e172e7ad7cdc4bc07d3383",
    "https://deno.land/x/hono@v3.12.6/router/pattern-router/router.ts": "a9a5a2a182cce8c3ae82139892cc0502be7dd8f579f31e76d0302b19b338e548",
    "https://deno.land/x/hono@v3.12.6/router/reg-exp-router/index.ts": "52755829213941756159b7a963097bafde5cc4fc22b13b1c7c9184dc0512d1db",
    "https://deno.land/x/hono@v3.12.6/router/reg-exp-router/node.ts": "5b3fb80411db04c65df066e69fedb2c8c0844753c2633d703336de84d569252c",
    "https://deno.land/x/hono@v3.12.6/router/reg-exp-router/router.ts": "c89a37b14c64518256d2fc216d9db7645e658235648762c3ad6e3fc6872a941c",
    "https://deno.land/x/hono@v3.12.6/router/reg-exp-router/trie.ts": "852ce7207e6701e47fa30889a0d2b8bfcd56d8862c97e7bc9831e0a64bd8835f",
    "https://deno.land/x/hono@v3.12.6/router/smart-router/index.ts": "74f9b4fe15ea535900f2b9b048581915f12fe94e531dd2b0032f5610e61c3bef",
    "https://deno.land/x/hono@v3.12.6/router/smart-router/router.ts": "f1848a2a1eefa316a11853ae12e749552747771fb8a11fe713ae04ea6461140b",
    "https://deno.land/x/hono@v3.12.6/router/trie-router/index.ts": "3eb75e7f71ba81801631b30de6b1f5cefb2c7239c03797e2b2cbab5085911b41",
    "https://deno.land/x/hono@v3.12.6/router/trie-router/node.ts": "326830a78f3ba3f8a7171041c71d541b10fba2fb398067b09bcd35251bb9679f",
    "https://deno.land/x/hono@v3.12.6/router/trie-router/router.ts": "54ced78d35676302c8fcdda4204f7bdf5a7cc907fbf9967c75674b1e394f830d",
    "https://deno.land/x/hono@v3.12.6/utils/body.ts": "7a16a6656331a96bcae57642f8d5e3912bd361cbbcc2c0d2157ecc3f218f7a92",
    "https://deno.land/x/hono@v3.12.6/utils/buffer.ts": "9066a973e64498cb262c7e932f47eed525a51677b17f90893862b7279dc0773e",
    "https://deno.land/x/hono@v3.12.6/utils/cookie.ts": "19920ba6756944aae1ad8585c3ddeaa9df479733f59d05359db096f7361e5e4b",
    "https://deno.land/x/hono@v3.12.6/utils/crypto.ts": "bda0e141bbe46d3a4a20f8fbcb6380d473b617123d9fdfa93e4499410b537acc",
    "https://deno.land/x/hono@v3.12.6/utils/encode.ts": "3b7c7d736123b5073542b34321700d4dbf5ff129c138f434bb2144a4d425ee89",
    "https://deno.land/x/hono@v3.12.6/utils/filepath.ts": "18461b055a914d6da85077f453051b516281bb17cf64fa74bf5ef604dc9d2861",
    "https://deno.land/x/hono@v3.12.6/utils/html.ts": "e800e72e2940104e963707edb41a438937693dda8d21bd37a57620e35d36c647",
    "https://deno.land/x/hono@v3.12.6/utils/jwt/index.ts": "5e4b82a42eb3603351dfce726cd781ca41cb57437395409d227131aec348d2d5",
    "https://deno.land/x/hono@v3.12.6/utils/jwt/jwt.ts": "02ff7bbf1298ffcc7a40266842f8eac44b6c136453e32d4441e24d0cbfba3a95",
    "https://deno.land/x/hono@v3.12.6/utils/jwt/types.ts": "58ddf908f76ba18d9c62ddfc2d1e40cc2e306bf987409a6169287efa81ce2546",
    "https://deno.land/x/hono@v3.12.6/utils/mime.ts": "0105d2b5e8e91f07acc70f5d06b388313995d62af23c802fcfba251f5a744d95",
    "https://deno.land/x/hono@v3.12.6/utils/stream.ts": "f3d15ef4e112b1916b104dc4e8481f07e2b950f23ba3dacedfcfb7e76af9a604",
    "https://deno.land/x/hono@v3.12.6/utils/url.ts": "9d4e937ea75c1a7d37e6216722cb9f0ab42d730d2c318ae8c2701d7591401a33",
    "https://deno.land/x/hono@v3.12.6/validator/index.ts": "6c986e8b91dcf857ecc8164a506ae8eea8665792a4ff7215471df669c632ae7c",
    "https://deno.land/x/hono@v3.12.6/validator/validator.ts": "97fead75b1e3e460d0895d68eab2be6d774f6d1428e2efb8b4df8ba8bb422c3e",
    "https://deno.land/x/paypax@v1.5.4/base/index.ts": "42b782a2d79b1255a41f9e148a38199cf1f601296ae1e4e79ced7dc121d4cd7f",
    "https://deno.land/x/paypax@v1.5.4/erorr/index.ts": "6de5bcc7fc650064bec1082419f17e5972aaba0088f83d4a833e48e78106d87f",
    "https://deno.land/x/paypax@v1.5.4/headers/index.ts": "933259bd745ee32e188661bd14158e582772f2d48aa062fc89e0d7262c191e8f",
    "https://deno.land/x/paypax@v1.5.4/index.ts": "ac6eb0b80b46d1c5428bfa9c02af41aa6a870ffc78fe57ef624d3f6a4ef2aa53",
    "https://deno.land/x/paypax@v1.5.4/mod.ts": "ce0fad171cddfaffa70cbaf89a9e4323f4ea9b9fb0a997f729bac066c75cecbb",
    "https://deno.land/x/paypax@v1.5.4/status/index.ts": "3f802ac49618503af2523de9a3a780dbd560cbd73d887c000faa379803c33f62",
    "https://deno.land/x/paypax@v1.5.4/types.ts": "3c920d67358aa88285f0ae3d09d48e35d2441e6c6ffaab0a118057dfc8e847d4",
    "https://deno.land/x/paypax@v1.5.4/utils/is.ts": "d2f5defabce65fdf41a6504bacc2f7332c05bcbebd5ac4e47b199aba299faaa5",
    "https://deno.land/x/paypax@v1.5.4/utils/parse.ts": "4cd988cd274d93b3b164d8efa923f04b6d4ad1af93edab98772b9e61ead73fc8"
  }
}
